
Microsoft Visual Studio Solution File, Format Version 12.00
# Visual Studio Version 17
VisualStudioVersion = 17.6.33513.286
MinimumVisualStudioVersion = 10.0.40219.1
Project("{9A19103F-16F7-4668-BE54-9A1E7A4F7556}") = "UnitOfLogging", "UnitOfLogging\UnitOfLogging.csproj", "{79D727FF-F40E-4A61-9B22-9F3AF08FF973}"
EndProject
Project("{9A19103F-16F7-4668-BE54-9A1E7A4F7556}") = "WebApplication1", "WebApplication1\WebApplication1.csproj", "{012149BF-D38B-4FA2-A062-EA1BC7028C68}"
EndProject
Project("{FAE04EC0-301F-11D3-BF4B-00C04F79EFBC}") = "MyLoggingUnit", "MyLoggingUnit\MyLoggingUnit.csproj", "{EEB29530-C6F0-4942-84F2-3B9DD33A0B80}"
EndProject
Global
	GlobalSection(SolutionConfigurationPlatforms) = preSolution
		Debug|Any CPU = Debug|Any CPU
		Release|Any CPU = Release|Any CPU
	EndGlobalSection
	GlobalSection(ProjectConfigurationPlatforms) = postSolution
		{79D727FF-F40E-4A61-9B22-9F3AF08FF973}.Debug|Any CPU.ActiveCfg = Debug|Any CPU
		{79D727FF-F40E-4A61-9B22-9F3AF08FF973}.Debug|Any CPU.Build.0 = Debug|Any CPU
		{79D727FF-F40E-4A61-9B22-9F3AF08FF973}.Release|Any CPU.ActiveCfg = Release|Any CPU
		{79D727FF-F40E-4A61-9B22-9F3AF08FF973}.Release|Any CPU.Build.0 = Release|Any CPU
		{012149BF-D38B-4FA2-A062-EA1BC7028C68}.Debug|Any CPU.ActiveCfg = Debug|Any CPU
		{012149BF-D38B-4FA2-A062-EA1BC7028C68}.Debug|Any CPU.Build.0 = Debug|Any CPU
		{012149BF-D38B-4FA2-A062-EA1BC7028C68}.Release|Any CPU.ActiveCfg = Release|Any CPU
		{012149BF-D38B-4FA2-A062-EA1BC7028C68}.Release|Any CPU.Build.0 = Release|Any CPU
		{EEB29530-C6F0-4942-84F2-3B9DD33A0B80}.Debug|Any CPU.ActiveCfg = Debug|Any CPU
		{EEB29530-C6F0-4942-84F2-3B9DD33A0B80}.Debug|Any CPU.Build.0 = Debug|Any CPU
		{EEB29530-C6F0-4942-84F2-3B9DD33A0B80}.Release|Any CPU.ActiveCfg = Release|Any CPU
		{EEB29530-C6F0-4942-84F2-3B9DD33A0B80}.Release|Any CPU.Build.0 = Release|Any CPU
	EndGlobalSection
	GlobalSection(SolutionProperties) = preSolution
		HideSolutionNode = FALSE
	EndGlobalSection
	GlobalSection(ExtensibilityGlobals) = postSolution
		SolutionGuid = {608D18C1-9E61-4E86-86FA-B46D411A8F61}
	EndGlobalSection
EndGlobal
